
Microsoft Visual Studio Solution File, Format Version 12.00
# Visual Studio Version 17
VisualStudioVersion = 17.7.34009.444
MinimumVisualStudioVersion = 10.0.40219.1
Project("{FAE04EC0-301F-11D3-BF4B-00C04F79EFBC}") = "Data Structure", "Estructura de datos\Data Structure.csproj", "{1AD5E336-06FA-43BB-B1F3-DEBEFCA14A3D}"
EndProject
Global
	GlobalSection(SolutionConfigurationPlatforms) = preSolution
		Debug|Any CPU = Debug|Any CPU
		Release|Any CPU = Release|Any CPU
	EndGlobalSection
	GlobalSection(ProjectConfigurationPlatforms) = postSolution
		{1AD5E336-06FA-43BB-B1F3-DEBEFCA14A3D}.Debug|Any CPU.ActiveCfg = Debug|Any CPU
		{1AD5E336-06FA-43BB-B1F3-DEBEFCA14A3D}.Debug|Any CPU.Build.0 = Debug|Any CPU
		{1AD5E336-06FA-43BB-B1F3-DEBEFCA14A3D}.Release|Any CPU.ActiveCfg = Release|Any CPU
		{1AD5E336-06FA-43BB-B1F3-DEBEFCA14A3D}.Release|Any CPU.Build.0 = Release|Any CPU
	EndGlobalSection
	GlobalSection(SolutionProperties) = preSolution
		HideSolutionNode = FALSE
	EndGlobalSection
	GlobalSection(ExtensibilityGlobals) = postSolution
		SolutionGuid = {B14B78CE-A493-4D81-B45D-C576872C417E}
	EndGlobalSection
EndGlobal
